<?xml version="1.0" encoding="utf-8"?>
<Project ToolsVersion="4.0" xmlns="http://schemas.microsoft.com/developer/msbuild/2003">
  <ItemGroup>
    <ClCompile Include="..\..\..\source\sfml\src\SFML\Audio\ALCheck.cpp">
      <Filter>Audio</Filter>
    </ClCompile>
    <ClCompile Include="..\..\..\source\sfml\src\SFML\Audio\AlResource.cpp">
      <Filter>Audio</Filter>
    </ClCompile>
    <ClCompile Include="..\..\..\source\sfml\src\SFML\Audio\AudioDevice.cpp">
      <Filter>Audio</Filter>
    </ClCompile>
    <ClCompile Include="..\..\..\source\sfml\src\SFML\Audio\InputSoundFile.cpp">
      <Filter>Audio</Filter>
    </ClCompile>
    <ClCompile Include="..\..\..\source\sfml\src\SFML\Audio\Listener.cpp">
      <Filter>Audio</Filter>
    </ClCompile>
    <ClCompile Include="..\..\..\source\sfml\src\SFML\Audio\Music.cpp">
      <Filter>Audio</Filter>
    </ClCompile>
    <ClCompile Include="..\..\..\source\sfml\src\SFML\Audio\OutputSoundFile.cpp">
      <Filter>Audio</Filter>
    </ClCompile>
    <ClCompile Include="..\..\..\source\sfml\src\SFML\Audio\Sound.cpp">
      <Filter>Audio</Filter>
    </ClCompile>
    <ClCompile Include="..\..\..\source\sfml\src\SFML\Audio\SoundBuffer.cpp">
      <Filter>Audio</Filter>
    </ClCompile>
    <ClCompile Include="..\..\..\source\sfml\src\SFML\Audio\SoundBufferRecorder.cpp">
      <Filter>Audio</Filter>
    </ClCompile>
    <ClCompile Include="..\..\..\source\sfml\src\SFML\Audio\SoundRecorder.cpp">
      <Filter>Audio</Filter>
    </ClCompile>
    <ClCompile Include="..\..\..\source\sfml\src\SFML\Audio\SoundSource.cpp">
      <Filter>Audio</Filter>
    </ClCompile>
    <ClCompile Include="..\..\..\source\sfml\src\SFML\Audio\SoundStream.cpp">
      <Filter>Audio</Filter>
    </ClCompile>
    <ClCompile Include="..\..\..\source\sfml\src\SFML\Audio\SoundFileFactory.cpp">
      <Filter>Audio\codecs</Filter>
    </ClCompile>
    <ClCompile Include="..\..\..\source\sfml\src\SFML\Audio\SoundFileReaderFlac.cpp">
      <Filter>Audio\codecs</Filter>
    </ClCompile>
    <ClCompile Include="..\..\..\source\sfml\src\SFML\Audio\SoundFileReaderOgg.cpp">
      <Filter>Audio\codecs</Filter>
    </ClCompile>
    <ClCompile Include="..\..\..\source\sfml\src\SFML\Audio\SoundFileReaderWav.cpp">
      <Filter>Audio\codecs</Filter>
    </ClCompile>
    <ClCompile Include="..\..\..\source\sfml\src\SFML\Audio\SoundFileWriterFlac.cpp">
      <Filter>Audio\codecs</Filter>
    </ClCompile>
    <ClCompile Include="..\..\..\source\sfml\src\SFML\Audio\SoundFileWriterOgg.cpp">
      <Filter>Audio\codecs</Filter>
    </ClCompile>
    <ClCompile Include="..\..\..\source\sfml\src\SFML\Audio\SoundFileWriterWav.cpp">
      <Filter>Audio\codecs</Filter>
    </ClCompile>
    <ClCompile Include="..\..\..\source\sfml\src\SFML\Graphics\Texture.cpp">
      <Filter>Graphics</Filter>
    </ClCompile>
    <ClCompile Include="..\..\..\source\sfml\src\SFML\Graphics\TextureSaver.cpp">
      <Filter>Graphics</Filter>
    </ClCompile>
    <ClCompile Include="..\..\..\source\sfml\src\SFML\Graphics\Transform.cpp">
      <Filter>Graphics</Filter>
    </ClCompile>
    <ClCompile Include="..\..\..\source\sfml\src\SFML\Graphics\Transformable.cpp">
      <Filter>Graphics</Filter>
    </ClCompile>
    <ClCompile Include="..\..\..\source\sfml\src\SFML\Graphics\Vertex.cpp">
      <Filter>Graphics</Filter>
    </ClCompile>
    <ClCompile Include="..\..\..\source\sfml\src\SFML\Graphics\View.cpp">
      <Filter>Graphics</Filter>
    </ClCompile>
    <ClCompile Include="..\..\..\source\sfml\src\SFML\Graphics\BlendMode.cpp">
      <Filter>Graphics</Filter>
    </ClCompile>
    <ClCompile Include="..\..\..\source\sfml\src\SFML\Graphics\Color.cpp">
      <Filter>Graphics</Filter>
    </ClCompile>
    <ClCompile Include="..\..\..\source\sfml\src\SFML\Graphics\Font.cpp">
      <Filter>Graphics</Filter>
    </ClCompile>
    <ClCompile Include="..\..\..\source\sfml\src\SFML\Graphics\GLCheck.cpp">
      <Filter>Graphics</Filter>
    </ClCompile>
    <ClCompile Include="..\..\..\source\sfml\src\SFML\Graphics\GLExtensions.cpp">
      <Filter>Graphics</Filter>
    </ClCompile>
    <ClCompile Include="..\..\..\source\sfml\src\SFML\Graphics\GLLoader.cpp">
      <Filter>Graphics</Filter>
    </ClCompile>
    <ClCompile Include="..\..\..\source\sfml\src\SFML\Graphics\Glsl.cpp">
      <Filter>Graphics</Filter>
    </ClCompile>
    <ClCompile Include="..\..\..\source\sfml\src\SFML\Graphics\Image.cpp">
      <Filter>Graphics</Filter>
    </ClCompile>
    <ClCompile Include="..\..\..\source\sfml\src\SFML\Graphics\ImageLoader.cpp">
      <Filter>Graphics</Filter>
    </ClCompile>
    <ClCompile Include="..\..\..\source\sfml\src\SFML\Graphics\RenderStates.cpp">
      <Filter>Graphics</Filter>
    </ClCompile>
    <ClCompile Include="..\..\..\source\sfml\src\SFML\Graphics\RenderTarget.cpp">
      <Filter>Graphics</Filter>
    </ClCompile>
    <ClCompile Include="..\..\..\source\sfml\src\SFML\Graphics\RenderWindow.cpp">
      <Filter>Graphics</Filter>
    </ClCompile>
    <ClCompile Include="..\..\..\source\sfml\src\SFML\Graphics\Shader.cpp">
      <Filter>Graphics</Filter>
    </ClCompile>
    <ClCompile Include="..\..\..\source\sfml\src\SFML\Graphics\CircleShape.cpp">
      <Filter>Graphics\drawables</Filter>
    </ClCompile>
    <ClCompile Include="..\..\..\source\sfml\src\SFML\Graphics\ConvexShape.cpp">
      <Filter>Graphics\drawables</Filter>
    </ClCompile>
    <ClCompile Include="..\..\..\source\sfml\src\SFML\Graphics\RectangleShape.cpp">
      <Filter>Graphics\drawables</Filter>
    </ClCompile>
    <ClCompile Include="..\..\..\source\sfml\src\SFML\Graphics\Shape.cpp">
      <Filter>Graphics\drawables</Filter>
    </ClCompile>
    <ClCompile Include="..\..\..\source\sfml\src\SFML\Graphics\Sprite.cpp">
      <Filter>Graphics\drawables</Filter>
    </ClCompile>
    <ClCompile Include="..\..\..\source\sfml\src\SFML\Graphics\Text.cpp">
      <Filter>Graphics\drawables</Filter>
    </ClCompile>
    <ClCompile Include="..\..\..\source\sfml\src\SFML\Graphics\VertexArray.cpp">
      <Filter>Graphics\drawables</Filter>
    </ClCompile>
    <ClCompile Include="..\..\..\source\sfml\src\SFML\Graphics\RenderTextureImpl.cpp">
      <Filter>Graphics\render_texture</Filter>
    </ClCompile>
    <ClCompile Include="..\..\..\source\sfml\src\SFML\Graphics\RenderTextureImplDefault.cpp">
      <Filter>Graphics\render_texture</Filter>
    </ClCompile>
    <ClCompile Include="..\..\..\source\sfml\src\SFML\Graphics\RenderTextureImplFBO.cpp">
      <Filter>Graphics\render_texture</Filter>
    </ClCompile>
    <ClCompile Include="..\..\..\source\sfml\src\SFML\Graphics\RenderTexture.cpp">
      <Filter>Graphics</Filter>
    </ClCompile>
    <ClCompile Include="..\..\..\source\sfml\src\SFML\Main\MainWin32.cpp">
      <Filter>Main</Filter>
    </ClCompile>
    <ClCompile Include="..\..\..\source\sfml\src\SFML\Network\Packet.cpp">
      <Filter>Network</Filter>
    </ClCompile>
    <ClCompile Include="..\..\..\source\sfml\src\SFML\Network\Socket.cpp">
      <Filter>Network</Filter>
    </ClCompile>
    <ClCompile Include="..\..\..\source\sfml\src\SFML\Network\SocketSelector.cpp">
      <Filter>Network</Filter>
    </ClCompile>
    <ClCompile Include="..\..\..\source\sfml\src\SFML\Network\TcpListener.cpp">
      <Filter>Network</Filter>
    </ClCompile>
    <ClCompile Include="..\..\..\source\sfml\src\SFML\Network\TcpSocket.cpp">
      <Filter>Network</Filter>
    </ClCompile>
    <ClCompile Include="..\..\..\source\sfml\src\SFML\Network\UdpSocket.cpp">
      <Filter>Network</Filter>
    </ClCompile>
    <ClCompile Include="..\..\..\source\sfml\src\SFML\Network\Ftp.cpp">
      <Filter>Network</Filter>
    </ClCompile>
    <ClCompile Include="..\..\..\source\sfml\src\SFML\Network\Http.cpp">
      <Filter>Network</Filter>
    </ClCompile>
    <ClCompile Include="..\..\..\source\sfml\src\SFML\Network\IpAddress.cpp">
      <Filter>Network</Filter>
    </ClCompile>
    <ClCompile Include="..\..\..\source\sfml\src\SFML\Network\Win32\SocketImpl.cpp">
      <Filter>Network</Filter>
    </ClCompile>
    <ClCompile Include="..\..\..\source\sfml\src\SFML\System\Clock.cpp">
      <Filter>System</Filter>
    </ClCompile>
    <ClCompile Include="..\..\..\source\sfml\src\SFML\System\Err.cpp">
      <Filter>System</Filter>
    </ClCompile>
    <ClCompile Include="..\..\..\source\sfml\src\SFML\System\FileInputStream.cpp">
      <Filter>System</Filter>
    </ClCompile>
    <ClCompile Include="..\..\..\source\sfml\src\SFML\System\Lock.cpp">
      <Filter>System</Filter>
    </ClCompile>
    <ClCompile Include="..\..\..\source\sfml\src\SFML\System\MemoryInputStream.cpp">
      <Filter>System</Filter>
    </ClCompile>
    <ClCompile Include="..\..\..\source\sfml\src\SFML\System\Mutex.cpp">
      <Filter>System</Filter>
    </ClCompile>
    <ClCompile Include="..\..\..\source\sfml\src\SFML\System\Sleep.cpp">
      <Filter>System</Filter>
    </ClCompile>
    <ClCompile Include="..\..\..\source\sfml\src\SFML\System\String.cpp">
      <Filter>System</Filter>
    </ClCompile>
    <ClCompile Include="..\..\..\source\sfml\src\SFML\System\Thread.cpp">
      <Filter>System</Filter>
    </ClCompile>
    <ClCompile Include="..\..\..\source\sfml\src\SFML\System\ThreadLocal.cpp">
      <Filter>System</Filter>
    </ClCompile>
    <ClCompile Include="..\..\..\source\sfml\src\SFML\System\Time.cpp">
      <Filter>System</Filter>
    </ClCompile>
    <ClCompile Include="..\..\..\source\sfml\src\SFML\System\Win32\SleepImpl.cpp">
      <Filter>System\windows</Filter>
    </ClCompile>
    <ClCompile Include="..\..\..\source\sfml\src\SFML\System\Win32\ThreadImpl.cpp">
      <Filter>System\windows</Filter>
    </ClCompile>
    <ClCompile Include="..\..\..\source\sfml\src\SFML\System\Win32\ThreadLocalImpl.cpp">
      <Filter>System\windows</Filter>
    </ClCompile>
    <ClCompile Include="..\..\..\source\sfml\src\SFML\System\Win32\ClockImpl.cpp">
      <Filter>System\windows</Filter>
    </ClCompile>
    <ClCompile Include="..\..\..\source\sfml\src\SFML\System\Win32\MutexImpl.cpp">
      <Filter>System\windows</Filter>
    </ClCompile>
    <ClCompile Include="..\..\..\source\sfml\src\SFML\Window\Joystick.cpp">
      <Filter>Window</Filter>
    </ClCompile>
    <ClCompile Include="..\..\..\source\sfml\src\SFML\Window\JoystickManager.cpp">
      <Filter>Window</Filter>
    </ClCompile>
    <ClCompile Include="..\..\..\source\sfml\src\SFML\Window\Keyboard.cpp">
      <Filter>Window</Filter>
    </ClCompile>
    <ClCompile Include="..\..\..\source\sfml\src\SFML\Window\Mouse.cpp">
      <Filter>Window</Filter>
    </ClCompile>
    <ClCompile Include="..\..\..\source\sfml\src\SFML\Window\Sensor.cpp">
      <Filter>Window</Filter>
    </ClCompile>
    <ClCompile Include="..\..\..\source\sfml\src\SFML\Window\SensorManager.cpp">
      <Filter>Window</Filter>
    </ClCompile>
    <ClCompile Include="..\..\..\source\sfml\src\SFML\Window\Touch.cpp">
      <Filter>Window</Filter>
    </ClCompile>
    <ClCompile Include="..\..\..\source\sfml\src\SFML\Window\VideoMode.cpp">
      <Filter>Window</Filter>
    </ClCompile>
    <ClCompile Include="..\..\..\source\sfml\src\SFML\Window\Window.cpp">
      <Filter>Window</Filter>
    </ClCompile>
    <ClCompile Include="..\..\..\source\sfml\src\SFML\Window\WindowImpl.cpp">
      <Filter>Window</Filter>
    </ClCompile>
    <ClCompile Include="..\..\..\source\sfml\src\SFML\Window\Context.cpp">
      <Filter>Window</Filter>
    </ClCompile>
    <ClCompile Include="..\..\..\source\sfml\src\SFML\Window\GlContext.cpp">
      <Filter>Window</Filter>
    </ClCompile>
    <ClCompile Include="..\..\..\source\sfml\src\SFML\Window\GlResource.cpp">
      <Filter>Window</Filter>
    </ClCompile>
    <ClCompile Include="..\..\..\source\app\main.cpp" />
  </ItemGroup>
  <ItemGroup>
    <ClInclude Include="..\..\..\source\sfml\src\SFML\Audio\ALCheck.hpp">
      <Filter>Audio</Filter>
    </ClInclude>
    <ClInclude Include="..\..\..\source\sfml\src\SFML\Audio\AudioDevice.hpp">
      <Filter>Audio</Filter>
    </ClInclude>
    <ClInclude Include="..\..\..\source\sfml\src\SFML\Audio\SoundFileReaderFlac.hpp">
      <Filter>Audio\codecs</Filter>
    </ClInclude>
    <ClInclude Include="..\..\..\source\sfml\src\SFML\Audio\SoundFileReaderOgg.hpp">
      <Filter>Audio\codecs</Filter>
    </ClInclude>
    <ClInclude Include="..\..\..\source\sfml\src\SFML\Audio\SoundFileReaderWav.hpp">
      <Filter>Audio\codecs</Filter>
    </ClInclude>
    <ClInclude Include="..\..\..\source\sfml\src\SFML\Audio\SoundFileWriterFlac.hpp">
      <Filter>Audio\codecs</Filter>
    </ClInclude>
    <ClInclude Include="..\..\..\source\sfml\src\SFML\Audio\SoundFileWriterOgg.hpp">
      <Filter>Audio\codecs</Filter>
    </ClInclude>
    <ClInclude Include="..\..\..\source\sfml\src\SFML\Audio\SoundFileWriterWav.hpp">
      <Filter>Audio\codecs</Filter>
    </ClInclude>
    <ClInclude Include="..\..\..\source\sfml\include\SFML\Audio\OutputSoundFile.hpp">
      <Filter>Audio</Filter>
    </ClInclude>
    <ClInclude Include="..\..\..\source\sfml\include\SFML\Audio\Sound.hpp">
      <Filter>Audio</Filter>
    </ClInclude>
    <ClInclude Include="..\..\..\source\sfml\include\SFML\Audio\SoundBuffer.hpp">
      <Filter>Audio</Filter>
    </ClInclude>
    <ClInclude Include="..\..\..\source\sfml\include\SFML\Audio\SoundBufferRecorder.hpp">
      <Filter>Audio</Filter>
    </ClInclude>
    <ClInclude Include="..\..\..\source\sfml\include\SFML\Audio\SoundRecorder.hpp">
      <Filter>Audio</Filter>
    </ClInclude>
    <ClInclude Include="..\..\..\source\sfml\include\SFML\Audio\SoundSource.hpp">
      <Filter>Audio</Filter>
    </ClInclude>
    <ClInclude Include="..\..\..\source\sfml\include\SFML\Audio\SoundStream.hpp">
      <Filter>Audio</Filter>
    </ClInclude>
    <ClInclude Include="..\..\..\source\sfml\include\SFML\Audio\AlResource.hpp">
      <Filter>Audio</Filter>
    </ClInclude>
    <ClInclude Include="..\..\..\source\sfml\include\SFML\Audio\Export.hpp">
      <Filter>Audio</Filter>
    </ClInclude>
    <ClInclude Include="..\..\..\source\sfml\include\SFML\Audio\InputSoundFile.hpp">
      <Filter>Audio</Filter>
    </ClInclude>
    <ClInclude Include="..\..\..\source\sfml\include\SFML\Audio\Listener.hpp">
      <Filter>Audio</Filter>
    </ClInclude>
    <ClInclude Include="..\..\..\source\sfml\include\SFML\Audio\Music.hpp">
      <Filter>Audio</Filter>
    </ClInclude>
    <ClInclude Include="..\..\..\source\sfml\include\SFML\Audio\SoundFileFactory.hpp">
      <Filter>Audio\codecs</Filter>
    </ClInclude>
    <ClInclude Include="..\..\..\source\sfml\include\SFML\Audio\SoundFileReader.hpp">
      <Filter>Audio\codecs</Filter>
    </ClInclude>
    <ClInclude Include="..\..\..\source\sfml\include\SFML\Audio\SoundFileWriter.hpp">
      <Filter>Audio\codecs</Filter>
    </ClInclude>
    <ClInclude Include="..\..\..\source\sfml\include\SFML\Graphics\RenderStates.hpp">
      <Filter>Graphics</Filter>
    </ClInclude>
    <ClInclude Include="..\..\..\source\sfml\include\SFML\Graphics\RenderTarget.hpp">
      <Filter>Graphics</Filter>
    </ClInclude>
    <ClInclude Include="..\..\..\source\sfml\include\SFML\Graphics\RenderWindow.hpp">
      <Filter>Graphics</Filter>
    </ClInclude>
    <ClInclude Include="..\..\..\source\sfml\include\SFML\Graphics\Shader.hpp">
      <Filter>Graphics</Filter>
    </ClInclude>
    <ClInclude Include="..\..\..\source\sfml\include\SFML\Graphics\Texture.hpp">
      <Filter>Graphics</Filter>
    </ClInclude>
    <ClInclude Include="..\..\..\source\sfml\include\SFML\Graphics\Transform.hpp">
      <Filter>Graphics</Filter>
    </ClInclude>
    <ClInclude Include="..\..\..\source\sfml\include\SFML\Graphics\Transformable.hpp">
      <Filter>Graphics</Filter>
    </ClInclude>
    <ClInclude Include="..\..\..\source\sfml\include\SFML\Graphics\Vertex.hpp">
      <Filter>Graphics</Filter>
    </ClInclude>
    <ClInclude Include="..\..\..\source\sfml\include\SFML\Graphics\View.hpp">
      <Filter>Graphics</Filter>
    </ClInclude>
    <ClInclude Include="..\..\..\source\sfml\include\SFML\Graphics\BlendMode.hpp">
      <Filter>Graphics</Filter>
    </ClInclude>
    <ClInclude Include="..\..\..\source\sfml\include\SFML\Graphics\Color.hpp">
      <Filter>Graphics</Filter>
    </ClInclude>
    <ClInclude Include="..\..\..\source\sfml\include\SFML\Graphics\Export.hpp">
      <Filter>Graphics</Filter>
    </ClInclude>
    <ClInclude Include="..\..\..\source\sfml\include\SFML\Graphics\Font.hpp">
      <Filter>Graphics</Filter>
    </ClInclude>
    <ClInclude Include="..\..\..\source\sfml\include\SFML\Graphics\Glyph.hpp">
      <Filter>Graphics</Filter>
    </ClInclude>
    <ClInclude Include="..\..\..\source\sfml\include\SFML\Graphics\Image.hpp">
      <Filter>Graphics</Filter>
    </ClInclude>
    <ClInclude Include="..\..\..\source\sfml\include\SFML\Graphics\PrimitiveType.hpp">
      <Filter>Graphics</Filter>
    </ClInclude>
    <ClInclude Include="..\..\..\source\sfml\include\SFML\Graphics\Rect.hpp">
      <Filter>Graphics</Filter>
    </ClInclude>
    <ClInclude Include="..\..\..\source\sfml\src\SFML\Graphics\TextureSaver.hpp">
      <Filter>Graphics</Filter>
    </ClInclude>
    <ClInclude Include="..\..\..\source\sfml\src\SFML\Graphics\GLCheck.hpp">
      <Filter>Graphics</Filter>
    </ClInclude>
    <ClInclude Include="..\..\..\source\sfml\src\SFML\Graphics\GLExtensions.hpp">
      <Filter>Graphics</Filter>
    </ClInclude>
    <ClInclude Include="..\..\..\source\sfml\src\SFML\Graphics\GLLoader.hpp">
      <Filter>Graphics</Filter>
    </ClInclude>
    <ClInclude Include="..\..\..\source\sfml\src\SFML\Graphics\ImageLoader.hpp">
      <Filter>Graphics</Filter>
    </ClInclude>
    <ClInclude Include="..\..\..\source\sfml\include\SFML\Graphics\CircleShape.hpp">
      <Filter>Graphics\drawables</Filter>
    </ClInclude>
    <ClInclude Include="..\..\..\source\sfml\include\SFML\Graphics\ConvexShape.hpp">
      <Filter>Graphics\drawables</Filter>
    </ClInclude>
    <ClInclude Include="..\..\..\source\sfml\include\SFML\Graphics\Drawable.hpp">
      <Filter>Graphics\drawables</Filter>
    </ClInclude>
    <ClInclude Include="..\..\..\source\sfml\include\SFML\Graphics\RectangleShape.hpp">
      <Filter>Graphics\drawables</Filter>
    </ClInclude>
    <ClInclude Include="..\..\..\source\sfml\include\SFML\Graphics\Shape.hpp">
      <Filter>Graphics\drawables</Filter>
    </ClInclude>
    <ClInclude Include="..\..\..\source\sfml\include\SFML\Graphics\Sprite.hpp">
      <Filter>Graphics\drawables</Filter>
    </ClInclude>
    <ClInclude Include="..\..\..\source\sfml\include\SFML\Graphics\Text.hpp">
      <Filter>Graphics\drawables</Filter>
    </ClInclude>
    <ClInclude Include="..\..\..\source\sfml\include\SFML\Graphics\VertexArray.hpp">
      <Filter>Graphics\drawables</Filter>
    </ClInclude>
    <ClInclude Include="..\..\..\source\sfml\src\SFML\Graphics\RenderTextureImpl.hpp">
      <Filter>Graphics\render_texture</Filter>
    </ClInclude>
    <ClInclude Include="..\..\..\source\sfml\src\SFML\Graphics\RenderTextureImplDefault.hpp">
      <Filter>Graphics\render_texture</Filter>
    </ClInclude>
    <ClInclude Include="..\..\..\source\sfml\src\SFML\Graphics\RenderTextureImplFBO.hpp">
      <Filter>Graphics\render_texture</Filter>
    </ClInclude>
    <ClInclude Include="..\..\..\source\sfml\include\SFML\Graphics\RenderTexture.hpp">
      <Filter>Graphics</Filter>
    </ClInclude>
    <ClInclude Include="..\..\..\source\sfml\include\SFML\Network\Packet.hpp">
      <Filter>Network</Filter>
    </ClInclude>
    <ClInclude Include="..\..\..\source\sfml\include\SFML\Network\Socket.hpp">
      <Filter>Network</Filter>
    </ClInclude>
    <ClInclude Include="..\..\..\source\sfml\include\SFML\Network\SocketHandle.hpp">
      <Filter>Network</Filter>
    </ClInclude>
    <ClInclude Include="..\..\..\source\sfml\include\SFML\Network\SocketSelector.hpp">
      <Filter>Network</Filter>
    </ClInclude>
    <ClInclude Include="..\..\..\source\sfml\include\SFML\Network\TcpListener.hpp">
      <Filter>Network</Filter>
    </ClInclude>
    <ClInclude Include="..\..\..\source\sfml\include\SFML\Network\TcpSocket.hpp">
      <Filter>Network</Filter>
    </ClInclude>
    <ClInclude Include="..\..\..\source\sfml\include\SFML\Network\UdpSocket.hpp">
      <Filter>Network</Filter>
    </ClInclude>
    <ClInclude Include="..\..\..\source\sfml\include\SFML\Network\Export.hpp">
      <Filter>Network</Filter>
    </ClInclude>
    <ClInclude Include="..\..\..\source\sfml\include\SFML\Network\Ftp.hpp">
      <Filter>Network</Filter>
    </ClInclude>
    <ClInclude Include="..\..\..\source\sfml\include\SFML\Network\Http.hpp">
      <Filter>Network</Filter>
    </ClInclude>
    <ClInclude Include="..\..\..\source\sfml\include\SFML\Network\IpAddress.hpp">
      <Filter>Network</Filter>
    </ClInclude>
    <ClInclude Include="..\..\..\source\sfml\src\SFML\Network\SocketImpl.hpp">
      <Filter>Network</Filter>
    </ClInclude>
    <ClInclude Include="..\..\..\source\sfml\src\SFML\Network\Win32\SocketImpl.hpp">
      <Filter>Network</Filter>
    </ClInclude>
    <ClInclude Include="..\..\..\source\sfml\src\SFML\System\Win32\MutexImpl.hpp">
      <Filter>System\windows</Filter>
    </ClInclude>
    <ClInclude Include="..\..\..\source\sfml\src\SFML\System\Win32\SleepImpl.hpp">
      <Filter>System\windows</Filter>
    </ClInclude>
    <ClInclude Include="..\..\..\source\sfml\src\SFML\System\Win32\ThreadImpl.hpp">
      <Filter>System\windows</Filter>
    </ClInclude>
    <ClInclude Include="..\..\..\source\sfml\src\SFML\System\Win32\ThreadLocalImpl.hpp">
      <Filter>System\windows</Filter>
    </ClInclude>
    <ClInclude Include="..\..\..\source\sfml\src\SFML\System\Win32\ClockImpl.hpp">
      <Filter>System\windows</Filter>
    </ClInclude>
    <ClInclude Include="..\..\..\source\sfml\include\SFML\System\String.hpp">
      <Filter>System</Filter>
    </ClInclude>
    <ClInclude Include="..\..\..\source\sfml\include\SFML\System\Thread.hpp">
      <Filter>System</Filter>
    </ClInclude>
    <ClInclude Include="..\..\..\source\sfml\include\SFML\System\ThreadLocal.hpp">
      <Filter>System</Filter>
    </ClInclude>
    <ClInclude Include="..\..\..\source\sfml\include\SFML\System\ThreadLocalPtr.hpp">
      <Filter>System</Filter>
    </ClInclude>
    <ClInclude Include="..\..\..\source\sfml\include\SFML\System\Time.hpp">
      <Filter>System</Filter>
    </ClInclude>
    <ClInclude Include="..\..\..\source\sfml\include\SFML\System\Utf.hpp">
      <Filter>System</Filter>
    </ClInclude>
    <ClInclude Include="..\..\..\source\sfml\include\SFML\System\Vector2.hpp">
      <Filter>System</Filter>
    </ClInclude>
    <ClInclude Include="..\..\..\source\sfml\include\SFML\System\Vector3.hpp">
      <Filter>System</Filter>
    </ClInclude>
    <ClInclude Include="..\..\..\source\sfml\include\SFML\System\Clock.hpp">
      <Filter>System</Filter>
    </ClInclude>
    <ClInclude Include="..\..\..\source\sfml\include\SFML\System\Err.hpp">
      <Filter>System</Filter>
    </ClInclude>
    <ClInclude Include="..\..\..\source\sfml\include\SFML\System\Export.hpp">
      <Filter>System</Filter>
    </ClInclude>
    <ClInclude Include="..\..\..\source\sfml\include\SFML\System\FileInputStream.hpp">
      <Filter>System</Filter>
    </ClInclude>
    <ClInclude Include="..\..\..\source\sfml\include\SFML\System\InputStream.hpp">
      <Filter>System</Filter>
    </ClInclude>
    <ClInclude Include="..\..\..\source\sfml\include\SFML\System\Lock.hpp">
      <Filter>System</Filter>
    </ClInclude>
    <ClInclude Include="..\..\..\source\sfml\include\SFML\System\MemoryInputStream.hpp">
      <Filter>System</Filter>
    </ClInclude>
    <ClInclude Include="..\..\..\source\sfml\include\SFML\System\Mutex.hpp">
      <Filter>System</Filter>
    </ClInclude>
    <ClInclude Include="..\..\..\source\sfml\include\SFML\System\NonCopyable.hpp">
      <Filter>System</Filter>
    </ClInclude>
    <ClInclude Include="..\..\..\source\sfml\include\SFML\System\Sleep.hpp">
      <Filter>System</Filter>
    </ClInclude>
    <ClInclude Include="..\..\..\source\sfml\include\SFML\Graphics.hpp" />
    <ClInclude Include="..\..\..\source\sfml\include\SFML\Main.hpp" />
    <ClInclude Include="..\..\..\source\sfml\include\SFML\Network.hpp" />
    <ClInclude Include="..\..\..\source\sfml\include\SFML\OpenGL.hpp" />
    <ClInclude Include="..\..\..\source\sfml\include\SFML\System.hpp" />
    <ClInclude Include="..\..\..\source\sfml\include\SFML\Window.hpp" />
    <ClInclude Include="..\..\..\source\sfml\include\SFML\Audio.hpp" />
    <ClInclude Include="..\..\..\source\sfml\include\SFML\Config.hpp" />
    <ClInclude Include="..\..\..\source\sfml\include\SFML\Window\ContextSettings.hpp">
      <Filter>Window</Filter>
    </ClInclude>
    <ClInclude Include="..\..\..\source\sfml\include\SFML\Window\Event.hpp">
      <Filter>Window</Filter>
    </ClInclude>
    <ClInclude Include="..\..\..\source\sfml\include\SFML\Window\Export.hpp">
      <Filter>Window</Filter>
    </ClInclude>
    <ClInclude Include="..\..\..\source\sfml\include\SFML\Window\GlResource.hpp">
      <Filter>Window</Filter>
    </ClInclude>
    <ClInclude Include="..\..\..\source\sfml\include\SFML\Window\Joystick.hpp">
      <Filter>Window</Filter>
    </ClInclude>
    <ClInclude Include="..\..\..\source\sfml\include\SFML\Window\Keyboard.hpp">
      <Filter>Window</Filter>
    </ClInclude>
    <ClInclude Include="..\..\..\source\sfml\include\SFML\Window\Mouse.hpp">
      <Filter>Window</Filter>
    </ClInclude>
    <ClInclude Include="..\..\..\source\sfml\include\SFML\Window\Sensor.hpp">
      <Filter>Window</Filter>
    </ClInclude>
    <ClInclude Include="..\..\..\source\sfml\include\SFML\Window\Touch.hpp">
      <Filter>Window</Filter>
    </ClInclude>
    <ClInclude Include="..\..\..\source\sfml\include\SFML\Window\VideoMode.hpp">
      <Filter>Window</Filter>
    </ClInclude>
    <ClInclude Include="..\..\..\source\sfml\include\SFML\Window\Window.hpp">
      <Filter>Window</Filter>
    </ClInclude>
    <ClInclude Include="..\..\..\source\sfml\include\SFML\Window\WindowHandle.hpp">
      <Filter>Window</Filter>
    </ClInclude>
    <ClInclude Include="..\..\..\source\sfml\include\SFML\Window\WindowStyle.hpp">
      <Filter>Window</Filter>
    </ClInclude>
    <ClInclude Include="..\..\..\source\sfml\include\SFML\Window\Context.hpp">
      <Filter>Window</Filter>
    </ClInclude>
    <ClInclude Include="..\..\..\source\sfml\src\SFML\Window\JoystickImpl.hpp">
      <Filter>Window</Filter>
    </ClInclude>
    <ClInclude Include="..\..\..\source\sfml\src\SFML\Window\JoystickManager.hpp">
      <Filter>Window</Filter>
    </ClInclude>
    <ClInclude Include="..\..\..\source\sfml\src\SFML\Window\SensorImpl.hpp">
      <Filter>Window</Filter>
    </ClInclude>
    <ClInclude Include="..\..\..\source\sfml\src\SFML\Window\SensorManager.hpp">
      <Filter>Window</Filter>
    </ClInclude>
    <ClInclude Include="..\..\..\source\sfml\src\SFML\Window\VideoModeImpl.hpp">
      <Filter>Window</Filter>
    </ClInclude>
    <ClInclude Include="..\..\..\source\sfml\src\SFML\Window\WindowImpl.hpp">
      <Filter>Window</Filter>
    </ClInclude>
    <ClInclude Include="..\..\..\source\sfml\src\SFML\Window\GlContext.hpp">
      <Filter>Window</Filter>
    </ClInclude>
    <ClInclude Include="..\..\..\source\sfml\src\SFML\Window\InputImpl.hpp">
      <Filter>Window</Filter>
    </ClInclude>
    <ClInclude Include="..\..\..\source\sfml\include\SFML\Graphics\Glsl.hpp">
      <Filter>Graphics</Filter>
    </ClInclude>
  </ItemGroup>
  <ItemGroup>
    <Filter Include="Audio">
      <UniqueIdentifier>{5ce8e24a-bf71-4c07-b5cc-c8930615cf88}</UniqueIdentifier>
    </Filter>
    <Filter Include="Audio\codecs">
      <UniqueIdentifier>{a3adeb99-5f91-4610-8b28-f45e83971bed}</UniqueIdentifier>
    </Filter>
    <Filter Include="Graphics">
      <UniqueIdentifier>{8eedff9b-3366-4e90-ae0f-acc367930676}</UniqueIdentifier>
    </Filter>
    <Filter Include="Graphics\drawables">
      <UniqueIdentifier>{a076a9cd-ed4f-49e2-9021-81919fb73b5c}</UniqueIdentifier>
    </Filter>
    <Filter Include="Graphics\render_texture">
      <UniqueIdentifier>{036a5dc4-ec24-43ec-af4c-5011b4af08b9}</UniqueIdentifier>
    </Filter>
    <Filter Include="Main">
      <UniqueIdentifier>{3fd5fe68-faf0-4a6e-a26a-69b7f6065483}</UniqueIdentifier>
    </Filter>
    <Filter Include="Network">
      <UniqueIdentifier>{3fc0fa19-c781-4fca-8aa5-0300a9bbd980}</UniqueIdentifier>
    </Filter>
    <Filter Include="System">
      <UniqueIdentifier>{047b69ac-09ef-46e1-b9f5-0b46e99e4dc3}</UniqueIdentifier>
    </Filter>
    <Filter Include="System\windows">
      <UniqueIdentifier>{7396ab86-ee26-428a-b07b-53a82127c305}</UniqueIdentifier>
    </Filter>
    <Filter Include="Window">
      <UniqueIdentifier>{a4b918b3-479f-405a-803a-ec15d1feb0c2}</UniqueIdentifier>
    </Filter>
  </ItemGroup>
  <ItemGroup>
    <Text Include="..\..\..\source\sfml\src\SFML\Audio\CMakeLists.txt">
      <Filter>Audio</Filter>
    </Text>
    <Text Include="..\..\..\source\sfml\src\SFML\Graphics\CMakeLists.txt">
      <Filter>Graphics</Filter>
    </Text>
    <Text Include="..\..\..\source\sfml\src\SFML\Graphics\GLExtensions.txt">
      <Filter>Graphics</Filter>
    </Text>
    <Text Include="..\..\..\source\sfml\src\SFML\System\CMakeLists.txt">
      <Filter>System</Filter>
    </Text>
  </ItemGroup>
  <ItemGroup>
    <None Include="..\..\..\source\sfml\include\SFML\Audio\SoundFileFactory.inl">
      <Filter>Audio\codecs</Filter>
    </None>
    <None Include="..\..\..\source\sfml\include\SFML\Graphics\Rect.inl">
      <Filter>Graphics</Filter>
    </None>
    <None Include="..\..\..\source\sfml\include\SFML\System\String.inl">
      <Filter>System</Filter>
    </None>
    <None Include="..\..\..\source\sfml\include\SFML\System\Thread.inl">
      <Filter>System</Filter>
    </None>
    <None Include="..\..\..\source\sfml\include\SFML\System\ThreadLocalPtr.inl">
      <Filter>System</Filter>
    </None>
    <None Include="..\..\..\source\sfml\include\SFML\System\Utf.inl">
      <Filter>System</Filter>
    </None>
    <None Include="..\..\..\source\sfml\include\SFML\System\Vector2.inl">
      <Filter>System</Filter>
    </None>
    <None Include="..\..\..\source\sfml\include\SFML\System\Vector3.inl">
      <Filter>System</Filter>
    </None>
    <None Include="..\..\..\source\sfml\include\SFML\Graphics\Glsl.inl">
      <Filter>Graphics</Filter>
    </None>
  </ItemGroup>
</Project>