<?xml version="1.0" encoding="utf-8"?>
<Project ToolsVersion="4.0" xmlns="http://schemas.microsoft.com/developer/msbuild/2003">
  <ItemGroup>
    <ClCompile Include="..\..\..\source\app\main.cpp" />
    <ClCompile Include="..\..\..\source\app\states\splash_state.cpp">
      <Filter>states</Filter>
    </ClCompile>
    <ClCompile Include="..\..\..\source\app\states\testbed_state.cpp">
      <Filter>states</Filter>
    </ClCompile>
    <ClCompile Include="..\..\..\source\app\entities\logo_ent.cpp">
      <Filter>entities</Filter>
    </ClCompile>
    <ClCompile Include="..\..\..\source\app\entities\player_ent.cpp">
      <Filter>entities</Filter>
    </ClCompile>
    <ClCompile Include="..\..\..\source\app\entities\tether_ent.cpp">
      <Filter>entities</Filter>
    </ClCompile>
    <ClCompile Include="..\..\..\source\app\entities\registration.cpp">
      <Filter>entities</Filter>
    </ClCompile>
  </ItemGroup>
  <ItemGroup>
    <Filter Include="states">
      <UniqueIdentifier>{3a3ec9d7-5f91-420b-9fef-02659f44974e}</UniqueIdentifier>
    </Filter>
    <Filter Include="entities">
      <UniqueIdentifier>{66838997-f95c-4604-b607-42b1cde3a7c7}</UniqueIdentifier>
    </Filter>
  </ItemGroup>
  <ItemGroup>
    <ClInclude Include="..\..\..\source\app\states\splash_state.h">
      <Filter>states</Filter>
    </ClInclude>
    <ClInclude Include="..\..\..\source\app\states\testbed_state.h">
      <Filter>states</Filter>
    </ClInclude>
    <ClInclude Include="..\..\..\source\app\entities\logo_ent.h">
      <Filter>entities</Filter>
    </ClInclude>
    <ClInclude Include="..\..\..\source\app\entities\player_ent.h">
      <Filter>entities</Filter>
    </ClInclude>
    <ClInclude Include="..\..\..\source\app\entities\tether_ent.h">
      <Filter>entities</Filter>
    </ClInclude>
    <ClInclude Include="..\..\..\source\app\entities\registration.h">
      <Filter>entities</Filter>
    </ClInclude>
  </ItemGroup>
</Project>