<?xml version="1.0" encoding="utf-8"?>
<Project ToolsVersion="4.0" xmlns="http://schemas.microsoft.com/developer/msbuild/2003">
  <ItemGroup>
    <Filter Include="asset">
      <UniqueIdentifier>{4c5c8a50-259b-4b2e-9b61-2ced1072ac76}</UniqueIdentifier>
    </Filter>
    <Filter Include="input">
      <UniqueIdentifier>{2fb19712-f251-478b-9b15-8e97e934d6d3}</UniqueIdentifier>
    </Filter>
    <Filter Include="state">
      <UniqueIdentifier>{d6b12ce2-768e-4773-843f-ccd27a7946f4}</UniqueIdentifier>
    </Filter>
    <Filter Include="physics">
      <UniqueIdentifier>{a96c3a57-73ad-470e-a856-039d92abbf21}</UniqueIdentifier>
    </Filter>
    <Filter Include="physics\callbacks">
      <UniqueIdentifier>{ee862a1c-170e-4740-818d-489ca5588f7d}</UniqueIdentifier>
    </Filter>
    <Filter Include="render">
      <UniqueIdentifier>{25e6a6c8-6b8a-44d3-b3ec-5785b85122ba}</UniqueIdentifier>
    </Filter>
    <Filter Include="third_party">
      <UniqueIdentifier>{a2b7ffa8-908b-45b3-be9e-4747ce1b622a}</UniqueIdentifier>
    </Filter>
    <Filter Include="third_party\b2djson">
      <UniqueIdentifier>{168bdd4a-63fe-4d1d-9bb4-7c70cec25a28}</UniqueIdentifier>
    </Filter>
    <Filter Include="third_party\b2djson\json">
      <UniqueIdentifier>{37a6e867-57ad-4536-86ee-3058de480422}</UniqueIdentifier>
    </Filter>
    <Filter Include="third_party\spine">
      <UniqueIdentifier>{3293fe23-b748-43df-bd66-33cd8b3b5ed1}</UniqueIdentifier>
    </Filter>
    <Filter Include="third_party\spine\include">
      <UniqueIdentifier>{149e4d30-203a-4f10-ae50-844ac03fc92e}</UniqueIdentifier>
    </Filter>
    <Filter Include="third_party\spine\include\spinecpp">
      <UniqueIdentifier>{41ccee81-69bb-4638-beef-319284978490}</UniqueIdentifier>
    </Filter>
    <Filter Include="third_party\spine\src">
      <UniqueIdentifier>{d38b36d7-deab-4cb2-9896-0198804b0ac4}</UniqueIdentifier>
    </Filter>
    <Filter Include="third_party\spine\src\spinecpp">
      <UniqueIdentifier>{3a91ded7-150c-4847-b898-8e670aa66011}</UniqueIdentifier>
    </Filter>
    <Filter Include="third_party\spine\third_party">
      <UniqueIdentifier>{759bf736-69a3-4395-b6de-e382109fba88}</UniqueIdentifier>
    </Filter>
    <Filter Include="third_party\spine\third_party\chobo">
      <UniqueIdentifier>{d56fb5c5-0c64-47bd-8f16-d262e9413bdc}</UniqueIdentifier>
    </Filter>
    <Filter Include="third_party\spine\third_party\sajson">
      <UniqueIdentifier>{f24990bd-f1c3-48e1-86cd-b922177f3a11}</UniqueIdentifier>
    </Filter>
    <Filter Include="entity">
      <UniqueIdentifier>{1508ac44-bf04-4d98-a6c0-44325f23257c}</UniqueIdentifier>
    </Filter>
    <Filter Include="SFML">
      <UniqueIdentifier>{f0508b71-fe9a-49ca-ba90-ed14e1958002}</UniqueIdentifier>
    </Filter>
  </ItemGroup>
  <ItemGroup>
    <ClCompile Include="..\..\..\source\engine\engine.cpp" />
    <ClCompile Include="..\..\..\source\engine\plugin.cpp" />
    <ClCompile Include="..\..\..\source\engine\state\state_plugin.cpp">
      <Filter>state</Filter>
    </ClCompile>
    <ClCompile Include="..\..\..\source\engine\input\input_plugin.cpp">
      <Filter>input</Filter>
    </ClCompile>
    <ClCompile Include="..\..\..\source\engine\input\input_event.cpp">
      <Filter>input</Filter>
    </ClCompile>
    <ClCompile Include="..\..\..\source\engine\b2djson\b2dJsonImage_OpenGL.cpp">
      <Filter>third_party\b2djson</Filter>
    </ClCompile>
    <ClCompile Include="..\..\..\source\engine\b2djson\jsoncpp.cpp">
      <Filter>third_party\b2djson</Filter>
    </ClCompile>
    <ClCompile Include="..\..\..\source\engine\b2djson\b2dJson.cpp">
      <Filter>third_party\b2djson</Filter>
    </ClCompile>
    <ClCompile Include="..\..\..\source\engine\b2djson\b2dJsonImage.cpp">
      <Filter>third_party\b2djson</Filter>
    </ClCompile>
    <ClCompile Include="..\..\..\source\engine\physics\physics_plugin.cpp">
      <Filter>physics</Filter>
    </ClCompile>
    <ClCompile Include="..\..\..\source\engine\physics\debug_draw.cpp">
      <Filter>physics</Filter>
    </ClCompile>
    <ClCompile Include="..\..\..\source\engine\render\render_plugin.cpp">
      <Filter>render</Filter>
    </ClCompile>
    <ClCompile Include="..\..\..\source\engine\state\setup_state.cpp">
      <Filter>state</Filter>
    </ClCompile>
    <ClCompile Include="..\..\..\source\engine\spine\src\spinecpp\AnimationStateData.cpp">
      <Filter>third_party\spine\src\spinecpp</Filter>
    </ClCompile>
    <ClCompile Include="..\..\..\source\engine\spine\src\spinecpp\Atlas.cpp">
      <Filter>third_party\spine\src\spinecpp</Filter>
    </ClCompile>
    <ClCompile Include="..\..\..\source\engine\spine\src\spinecpp\AtlasAttachmentLoader.cpp">
      <Filter>third_party\spine\src\spinecpp</Filter>
    </ClCompile>
    <ClCompile Include="..\..\..\source\engine\spine\src\spinecpp\AttachmentLoader.cpp">
      <Filter>third_party\spine\src\spinecpp</Filter>
    </ClCompile>
    <ClCompile Include="..\..\..\source\engine\spine\src\spinecpp\Bone.cpp">
      <Filter>third_party\spine\src\spinecpp</Filter>
    </ClCompile>
    <ClCompile Include="..\..\..\source\engine\spine\src\spinecpp\IkConstraint.cpp">
      <Filter>third_party\spine\src\spinecpp</Filter>
    </ClCompile>
    <ClCompile Include="..\..\..\source\engine\spine\src\spinecpp\MeshAttachment.cpp">
      <Filter>third_party\spine\src\spinecpp</Filter>
    </ClCompile>
    <ClCompile Include="..\..\..\source\engine\spine\src\spinecpp\PathConstraint.cpp">
      <Filter>third_party\spine\src\spinecpp</Filter>
    </ClCompile>
    <ClCompile Include="..\..\..\source\engine\spine\src\spinecpp\PoolTrackEntryFactory.cpp">
      <Filter>third_party\spine\src\spinecpp</Filter>
    </ClCompile>
    <ClCompile Include="..\..\..\source\engine\spine\src\spinecpp\RegionAttachment.cpp">
      <Filter>third_party\spine\src\spinecpp</Filter>
    </ClCompile>
    <ClCompile Include="..\..\..\source\engine\spine\src\spinecpp\Skeleton.cpp">
      <Filter>third_party\spine\src\spinecpp</Filter>
    </ClCompile>
    <ClCompile Include="..\..\..\source\engine\spine\src\spinecpp\SkeletonBounds.cpp">
      <Filter>third_party\spine\src\spinecpp</Filter>
    </ClCompile>
    <ClCompile Include="..\..\..\source\engine\spine\src\spinecpp\SkeletonData.cpp">
      <Filter>third_party\spine\src\spinecpp</Filter>
    </ClCompile>
    <ClCompile Include="..\..\..\source\engine\spine\src\spinecpp\SkeletonJson.cpp">
      <Filter>third_party\spine\src\spinecpp</Filter>
    </ClCompile>
    <ClCompile Include="..\..\..\source\engine\spine\src\spinecpp\Skin.cpp">
      <Filter>third_party\spine\src\spinecpp</Filter>
    </ClCompile>
    <ClCompile Include="..\..\..\source\engine\spine\src\spinecpp\Slot.cpp">
      <Filter>third_party\spine\src\spinecpp</Filter>
    </ClCompile>
    <ClCompile Include="..\..\..\source\engine\spine\src\spinecpp\Timelines.cpp">
      <Filter>third_party\spine\src\spinecpp</Filter>
    </ClCompile>
    <ClCompile Include="..\..\..\source\engine\spine\src\spinecpp\TransformConstraint.cpp">
      <Filter>third_party\spine\src\spinecpp</Filter>
    </ClCompile>
    <ClCompile Include="..\..\..\source\engine\spine\src\spinecpp\VertexAttachment.cpp">
      <Filter>third_party\spine\src\spinecpp</Filter>
    </ClCompile>
    <ClCompile Include="..\..\..\source\engine\spine\src\spinecpp\Animation.cpp">
      <Filter>third_party\spine\src\spinecpp</Filter>
    </ClCompile>
    <ClCompile Include="..\..\..\source\engine\spine\src\spinecpp\AnimationState.cpp">
      <Filter>third_party\spine\src\spinecpp</Filter>
    </ClCompile>
    <ClCompile Include="..\..\..\source\engine\render\spine_ext.cpp">
      <Filter>render</Filter>
    </ClCompile>
    <ClCompile Include="..\..\..\source\engine\render\spine-sfml.cpp">
      <Filter>render</Filter>
    </ClCompile>
    <ClCompile Include="..\..\..\source\engine\entity\entity_plugin..cpp">
      <Filter>entity</Filter>
    </ClCompile>
    <ClCompile Include="..\..\..\source\engine\render\box2d-sfml.cpp">
      <Filter>render</Filter>
    </ClCompile>
    <ClCompile Include="..\..\..\source\engine\entity\entity.cpp">
      <Filter>entity</Filter>
    </ClCompile>
    <ClCompile Include="..\..\..\source\engine\entity\registration.cpp">
      <Filter>entity</Filter>
    </ClCompile>
    <ClCompile Include="..\..\..\source\engine\entity\physics_ent.cpp">
      <Filter>entity</Filter>
    </ClCompile>
  </ItemGroup>
  <ItemGroup>
    <ClInclude Include="..\..\..\source\engine\engine.h" />
    <ClInclude Include="..\..\..\source\engine\asset\resource_path.h">
      <Filter>asset</Filter>
    </ClInclude>
    <ClInclude Include="..\..\..\source\engine\state\base_state.h">
      <Filter>state</Filter>
    </ClInclude>
    <ClInclude Include="..\..\..\source\engine\plugin.h" />
    <ClInclude Include="..\..\..\source\engine\input\input_plugin.h">
      <Filter>input</Filter>
    </ClInclude>
    <ClInclude Include="..\..\..\source\engine\input\input_event.h">
      <Filter>input</Filter>
    </ClInclude>
    <ClInclude Include="..\..\..\source\engine\b2djson\b2dJsonImage_OpenGL.h">
      <Filter>third_party\b2djson</Filter>
    </ClInclude>
    <ClInclude Include="..\..\..\source\engine\b2djson\bitmap.h">
      <Filter>third_party\b2djson</Filter>
    </ClInclude>
    <ClInclude Include="..\..\..\source\engine\b2djson\b2dJson.h">
      <Filter>third_party\b2djson</Filter>
    </ClInclude>
    <ClInclude Include="..\..\..\source\engine\b2djson\b2dJsonImage.h">
      <Filter>third_party\b2djson</Filter>
    </ClInclude>
    <ClInclude Include="..\..\..\source\engine\b2djson\json\json.h">
      <Filter>third_party\b2djson\json</Filter>
    </ClInclude>
    <ClInclude Include="..\..\..\source\engine\b2djson\json\json-forwards.h">
      <Filter>third_party\b2djson\json</Filter>
    </ClInclude>
    <ClInclude Include="..\..\..\source\engine\physics\physics_plugin.h">
      <Filter>physics</Filter>
    </ClInclude>
    <ClInclude Include="..\..\..\source\engine\physics\debug_draw.h">
      <Filter>physics</Filter>
    </ClInclude>
    <ClInclude Include="..\..\..\source\engine\physics\callbacks\aabb_callback.h">
      <Filter>physics\callbacks</Filter>
    </ClInclude>
    <ClInclude Include="..\..\..\source\engine\physics\callbacks\raycast_callback.h">
      <Filter>physics\callbacks</Filter>
    </ClInclude>
    <ClInclude Include="..\..\..\source\engine\render\render_plugin.h">
      <Filter>render</Filter>
    </ClInclude>
    <ClInclude Include="..\..\..\source\engine\state\state_plugin.h">
      <Filter>state</Filter>
    </ClInclude>
    <ClInclude Include="..\..\..\source\engine\state\setup_state.h">
      <Filter>state</Filter>
    </ClInclude>
    <ClInclude Include="..\..\..\source\engine\spine\third_party\chobo\vector_ptr.hpp">
      <Filter>third_party\spine\third_party\chobo</Filter>
    </ClInclude>
    <ClInclude Include="..\..\..\source\engine\spine\third_party\sajson\sajson.h">
      <Filter>third_party\spine\third_party\sajson</Filter>
    </ClInclude>
    <ClInclude Include="..\..\..\source\engine\spine\include\spinecpp\AttachmentLoader.h">
      <Filter>third_party\spine\include\spinecpp</Filter>
    </ClInclude>
    <ClInclude Include="..\..\..\source\engine\spine\include\spinecpp\Bone.h">
      <Filter>third_party\spine\include\spinecpp</Filter>
    </ClInclude>
    <ClInclude Include="..\..\..\source\engine\spine\include\spinecpp\BoneData.h">
      <Filter>third_party\spine\include\spinecpp</Filter>
    </ClInclude>
    <ClInclude Include="..\..\..\source\engine\spine\include\spinecpp\BoundingBoxAttachment.h">
      <Filter>third_party\spine\include\spinecpp</Filter>
    </ClInclude>
    <ClInclude Include="..\..\..\source\engine\spine\include\spinecpp\Color.h">
      <Filter>third_party\spine\include\spinecpp</Filter>
    </ClInclude>
    <ClInclude Include="..\..\..\source\engine\spine\include\spinecpp\Event.h">
      <Filter>third_party\spine\include\spinecpp</Filter>
    </ClInclude>
    <ClInclude Include="..\..\..\source\engine\spine\include\spinecpp\EventData.h">
      <Filter>third_party\spine\include\spinecpp</Filter>
    </ClInclude>
    <ClInclude Include="..\..\..\source\engine\spine\include\spinecpp\extension.h">
      <Filter>third_party\spine\include\spinecpp</Filter>
    </ClInclude>
    <ClInclude Include="..\..\..\source\engine\spine\include\spinecpp\IkConstraint.h">
      <Filter>third_party\spine\include\spinecpp</Filter>
    </ClInclude>
    <ClInclude Include="..\..\..\source\engine\spine\include\spinecpp\IkConstraintData.h">
      <Filter>third_party\spine\include\spinecpp</Filter>
    </ClInclude>
    <ClInclude Include="..\..\..\source\engine\spine\include\spinecpp\MeshAttachment.h">
      <Filter>third_party\spine\include\spinecpp</Filter>
    </ClInclude>
    <ClInclude Include="..\..\..\source\engine\spine\include\spinecpp\PathAttachment.h">
      <Filter>third_party\spine\include\spinecpp</Filter>
    </ClInclude>
    <ClInclude Include="..\..\..\source\engine\spine\include\spinecpp\PathConstraint.h">
      <Filter>third_party\spine\include\spinecpp</Filter>
    </ClInclude>
    <ClInclude Include="..\..\..\source\engine\spine\include\spinecpp\PathConstraintData.h">
      <Filter>third_party\spine\include\spinecpp</Filter>
    </ClInclude>
    <ClInclude Include="..\..\..\source\engine\spine\include\spinecpp\PoolTrackEntryFactory.h">
      <Filter>third_party\spine\include\spinecpp</Filter>
    </ClInclude>
    <ClInclude Include="..\..\..\source\engine\spine\include\spinecpp\RegionAttachment.h">
      <Filter>third_party\spine\include\spinecpp</Filter>
    </ClInclude>
    <ClInclude Include="..\..\..\source\engine\spine\include\spinecpp\Skeleton.h">
      <Filter>third_party\spine\include\spinecpp</Filter>
    </ClInclude>
    <ClInclude Include="..\..\..\source\engine\spine\include\spinecpp\SkeletonBounds.h">
      <Filter>third_party\spine\include\spinecpp</Filter>
    </ClInclude>
    <ClInclude Include="..\..\..\source\engine\spine\include\spinecpp\SkeletonData.h">
      <Filter>third_party\spine\include\spinecpp</Filter>
    </ClInclude>
    <ClInclude Include="..\..\..\source\engine\spine\include\spinecpp\SkeletonJson.h">
      <Filter>third_party\spine\include\spinecpp</Filter>
    </ClInclude>
    <ClInclude Include="..\..\..\source\engine\spine\include\spinecpp\Skin.h">
      <Filter>third_party\spine\include\spinecpp</Filter>
    </ClInclude>
    <ClInclude Include="..\..\..\source\engine\spine\include\spinecpp\Slot.h">
      <Filter>third_party\spine\include\spinecpp</Filter>
    </ClInclude>
    <ClInclude Include="..\..\..\source\engine\spine\include\spinecpp\SlotData.h">
      <Filter>third_party\spine\include\spinecpp</Filter>
    </ClInclude>
    <ClInclude Include="..\..\..\source\engine\spine\include\spinecpp\spinecpp.h">
      <Filter>third_party\spine\include\spinecpp</Filter>
    </ClInclude>
    <ClInclude Include="..\..\..\source\engine\spine\include\spinecpp\Timeline.h">
      <Filter>third_party\spine\include\spinecpp</Filter>
    </ClInclude>
    <ClInclude Include="..\..\..\source\engine\spine\include\spinecpp\Timelines.h">
      <Filter>third_party\spine\include\spinecpp</Filter>
    </ClInclude>
    <ClInclude Include="..\..\..\source\engine\spine\include\spinecpp\TrackEntryFactory.h">
      <Filter>third_party\spine\include\spinecpp</Filter>
    </ClInclude>
    <ClInclude Include="..\..\..\source\engine\spine\include\spinecpp\TransformConstraint.h">
      <Filter>third_party\spine\include\spinecpp</Filter>
    </ClInclude>
    <ClInclude Include="..\..\..\source\engine\spine\include\spinecpp\TransformConstraintData.h">
      <Filter>third_party\spine\include\spinecpp</Filter>
    </ClInclude>
    <ClInclude Include="..\..\..\source\engine\spine\include\spinecpp\Vector.h">
      <Filter>third_party\spine\include\spinecpp</Filter>
    </ClInclude>
    <ClInclude Include="..\..\..\source\engine\spine\include\spinecpp\VertexAttachment.h">
      <Filter>third_party\spine\include\spinecpp</Filter>
    </ClInclude>
    <ClInclude Include="..\..\..\source\engine\spine\include\spinecpp\Animation.h">
      <Filter>third_party\spine\include\spinecpp</Filter>
    </ClInclude>
    <ClInclude Include="..\..\..\source\engine\spine\include\spinecpp\AnimationState.h">
      <Filter>third_party\spine\include\spinecpp</Filter>
    </ClInclude>
    <ClInclude Include="..\..\..\source\engine\spine\include\spinecpp\AnimationStateData.h">
      <Filter>third_party\spine\include\spinecpp</Filter>
    </ClInclude>
    <ClInclude Include="..\..\..\source\engine\spine\include\spinecpp\Atlas.h">
      <Filter>third_party\spine\include\spinecpp</Filter>
    </ClInclude>
    <ClInclude Include="..\..\..\source\engine\spine\include\spinecpp\AtlasAttachmentLoader.h">
      <Filter>third_party\spine\include\spinecpp</Filter>
    </ClInclude>
    <ClInclude Include="..\..\..\source\engine\spine\include\spinecpp\Attachment.h">
      <Filter>third_party\spine\include\spinecpp</Filter>
    </ClInclude>
    <ClInclude Include="..\..\..\source\engine\render\spine-sfml.h">
      <Filter>render</Filter>
    </ClInclude>
    <ClInclude Include="..\..\..\source\engine\entity\entity_plugin.h">
      <Filter>entity</Filter>
    </ClInclude>
    <ClInclude Include="..\..\..\source\engine\entity\entity.h">
      <Filter>entity</Filter>
    </ClInclude>
    <ClInclude Include="..\..\..\source\engine\render\box2d-sfml.h">
      <Filter>render</Filter>
    </ClInclude>
    <ClInclude Include="..\..\..\source\engine\entity\registration.h">
      <Filter>entity</Filter>
    </ClInclude>
    <ClInclude Include="..\..\..\source\engine\entity\physics_ent.h">
      <Filter>entity</Filter>
    </ClInclude>
    <ClInclude Include="..\..\..\libs\SFML-2.3.2\include\SFML\Audio.hpp">
      <Filter>SFML</Filter>
    </ClInclude>
    <ClInclude Include="..\..\..\libs\SFML-2.3.2\include\SFML\Config.hpp">
      <Filter>SFML</Filter>
    </ClInclude>
    <ClInclude Include="..\..\..\libs\SFML-2.3.2\include\SFML\Graphics.hpp">
      <Filter>SFML</Filter>
    </ClInclude>
    <ClInclude Include="..\..\..\libs\SFML-2.3.2\include\SFML\Main.hpp">
      <Filter>SFML</Filter>
    </ClInclude>
    <ClInclude Include="..\..\..\libs\SFML-2.3.2\include\SFML\Network.hpp">
      <Filter>SFML</Filter>
    </ClInclude>
    <ClInclude Include="..\..\..\libs\SFML-2.3.2\include\SFML\OpenGL.hpp">
      <Filter>SFML</Filter>
    </ClInclude>
    <ClInclude Include="..\..\..\libs\SFML-2.3.2\include\SFML\System.hpp">
      <Filter>SFML</Filter>
    </ClInclude>
    <ClInclude Include="..\..\..\libs\SFML-2.3.2\include\SFML\Window.hpp">
      <Filter>SFML</Filter>
    </ClInclude>
    <ClInclude Include="..\..\..\libs\SFML-2.3.2\include\SFML\Audio\AlResource.hpp">
      <Filter>SFML</Filter>
    </ClInclude>
    <ClInclude Include="..\..\..\libs\SFML-2.3.2\include\SFML\Audio\Export.hpp">
      <Filter>SFML</Filter>
    </ClInclude>
    <ClInclude Include="..\..\..\libs\SFML-2.3.2\include\SFML\Audio\InputSoundFile.hpp">
      <Filter>SFML</Filter>
    </ClInclude>
    <ClInclude Include="..\..\..\libs\SFML-2.3.2\include\SFML\Audio\Listener.hpp">
      <Filter>SFML</Filter>
    </ClInclude>
    <ClInclude Include="..\..\..\libs\SFML-2.3.2\include\SFML\Audio\Music.hpp">
      <Filter>SFML</Filter>
    </ClInclude>
    <ClInclude Include="..\..\..\libs\SFML-2.3.2\include\SFML\Audio\OutputSoundFile.hpp">
      <Filter>SFML</Filter>
    </ClInclude>
    <ClInclude Include="..\..\..\libs\SFML-2.3.2\include\SFML\Audio\Sound.hpp">
      <Filter>SFML</Filter>
    </ClInclude>
    <ClInclude Include="..\..\..\libs\SFML-2.3.2\include\SFML\Audio\SoundBuffer.hpp">
      <Filter>SFML</Filter>
    </ClInclude>
    <ClInclude Include="..\..\..\libs\SFML-2.3.2\include\SFML\Audio\SoundBufferRecorder.hpp">
      <Filter>SFML</Filter>
    </ClInclude>
    <ClInclude Include="..\..\..\libs\SFML-2.3.2\include\SFML\Audio\SoundFileFactory.hpp">
      <Filter>SFML</Filter>
    </ClInclude>
    <ClInclude Include="..\..\..\libs\SFML-2.3.2\include\SFML\Audio\SoundFileReader.hpp">
      <Filter>SFML</Filter>
    </ClInclude>
    <ClInclude Include="..\..\..\libs\SFML-2.3.2\include\SFML\Audio\SoundFileWriter.hpp">
      <Filter>SFML</Filter>
    </ClInclude>
    <ClInclude Include="..\..\..\libs\SFML-2.3.2\include\SFML\Audio\SoundRecorder.hpp">
      <Filter>SFML</Filter>
    </ClInclude>
    <ClInclude Include="..\..\..\libs\SFML-2.3.2\include\SFML\Audio\SoundSource.hpp">
      <Filter>SFML</Filter>
    </ClInclude>
    <ClInclude Include="..\..\..\libs\SFML-2.3.2\include\SFML\Audio\SoundStream.hpp">
      <Filter>SFML</Filter>
    </ClInclude>
    <ClInclude Include="..\..\..\libs\SFML-2.3.2\include\SFML\Graphics\BlendMode.hpp">
      <Filter>SFML</Filter>
    </ClInclude>
    <ClInclude Include="..\..\..\libs\SFML-2.3.2\include\SFML\Graphics\CircleShape.hpp">
      <Filter>SFML</Filter>
    </ClInclude>
    <ClInclude Include="..\..\..\libs\SFML-2.3.2\include\SFML\Graphics\Color.hpp">
      <Filter>SFML</Filter>
    </ClInclude>
    <ClInclude Include="..\..\..\libs\SFML-2.3.2\include\SFML\Graphics\ConvexShape.hpp">
      <Filter>SFML</Filter>
    </ClInclude>
    <ClInclude Include="..\..\..\libs\SFML-2.3.2\include\SFML\Graphics\Drawable.hpp">
      <Filter>SFML</Filter>
    </ClInclude>
    <ClInclude Include="..\..\..\libs\SFML-2.3.2\include\SFML\Graphics\Export.hpp">
      <Filter>SFML</Filter>
    </ClInclude>
    <ClInclude Include="..\..\..\libs\SFML-2.3.2\include\SFML\Graphics\Font.hpp">
      <Filter>SFML</Filter>
    </ClInclude>
    <ClInclude Include="..\..\..\libs\SFML-2.3.2\include\SFML\Graphics\Glsl.hpp">
      <Filter>SFML</Filter>
    </ClInclude>
    <ClInclude Include="..\..\..\libs\SFML-2.3.2\include\SFML\Graphics\Glyph.hpp">
      <Filter>SFML</Filter>
    </ClInclude>
    <ClInclude Include="..\..\..\libs\SFML-2.3.2\include\SFML\Graphics\Image.hpp">
      <Filter>SFML</Filter>
    </ClInclude>
    <ClInclude Include="..\..\..\libs\SFML-2.3.2\include\SFML\Graphics\PrimitiveType.hpp">
      <Filter>SFML</Filter>
    </ClInclude>
    <ClInclude Include="..\..\..\libs\SFML-2.3.2\include\SFML\Graphics\Rect.hpp">
      <Filter>SFML</Filter>
    </ClInclude>
    <ClInclude Include="..\..\..\libs\SFML-2.3.2\include\SFML\Graphics\RectangleShape.hpp">
      <Filter>SFML</Filter>
    </ClInclude>
    <ClInclude Include="..\..\..\libs\SFML-2.3.2\include\SFML\Graphics\RenderStates.hpp">
      <Filter>SFML</Filter>
    </ClInclude>
    <ClInclude Include="..\..\..\libs\SFML-2.3.2\include\SFML\Graphics\RenderTarget.hpp">
      <Filter>SFML</Filter>
    </ClInclude>
    <ClInclude Include="..\..\..\libs\SFML-2.3.2\include\SFML\Graphics\RenderTexture.hpp">
      <Filter>SFML</Filter>
    </ClInclude>
    <ClInclude Include="..\..\..\libs\SFML-2.3.2\include\SFML\Graphics\RenderWindow.hpp">
      <Filter>SFML</Filter>
    </ClInclude>
    <ClInclude Include="..\..\..\libs\SFML-2.3.2\include\SFML\Graphics\Shader.hpp">
      <Filter>SFML</Filter>
    </ClInclude>
    <ClInclude Include="..\..\..\libs\SFML-2.3.2\include\SFML\Graphics\Shape.hpp">
      <Filter>SFML</Filter>
    </ClInclude>
    <ClInclude Include="..\..\..\libs\SFML-2.3.2\include\SFML\Graphics\Sprite.hpp">
      <Filter>SFML</Filter>
    </ClInclude>
    <ClInclude Include="..\..\..\libs\SFML-2.3.2\include\SFML\Graphics\Text.hpp">
      <Filter>SFML</Filter>
    </ClInclude>
    <ClInclude Include="..\..\..\libs\SFML-2.3.2\include\SFML\Graphics\Texture.hpp">
      <Filter>SFML</Filter>
    </ClInclude>
    <ClInclude Include="..\..\..\libs\SFML-2.3.2\include\SFML\Graphics\Transform.hpp">
      <Filter>SFML</Filter>
    </ClInclude>
    <ClInclude Include="..\..\..\libs\SFML-2.3.2\include\SFML\Graphics\Transformable.hpp">
      <Filter>SFML</Filter>
    </ClInclude>
    <ClInclude Include="..\..\..\libs\SFML-2.3.2\include\SFML\Graphics\Vertex.hpp">
      <Filter>SFML</Filter>
    </ClInclude>
    <ClInclude Include="..\..\..\libs\SFML-2.3.2\include\SFML\Graphics\VertexArray.hpp">
      <Filter>SFML</Filter>
    </ClInclude>
    <ClInclude Include="..\..\..\libs\SFML-2.3.2\include\SFML\Graphics\View.hpp">
      <Filter>SFML</Filter>
    </ClInclude>
    <ClInclude Include="..\..\..\libs\SFML-2.3.2\include\SFML\Network\Export.hpp">
      <Filter>SFML</Filter>
    </ClInclude>
    <ClInclude Include="..\..\..\libs\SFML-2.3.2\include\SFML\Network\Ftp.hpp">
      <Filter>SFML</Filter>
    </ClInclude>
    <ClInclude Include="..\..\..\libs\SFML-2.3.2\include\SFML\Network\Http.hpp">
      <Filter>SFML</Filter>
    </ClInclude>
    <ClInclude Include="..\..\..\libs\SFML-2.3.2\include\SFML\Network\IpAddress.hpp">
      <Filter>SFML</Filter>
    </ClInclude>
    <ClInclude Include="..\..\..\libs\SFML-2.3.2\include\SFML\Network\Packet.hpp">
      <Filter>SFML</Filter>
    </ClInclude>
    <ClInclude Include="..\..\..\libs\SFML-2.3.2\include\SFML\Network\Socket.hpp">
      <Filter>SFML</Filter>
    </ClInclude>
    <ClInclude Include="..\..\..\libs\SFML-2.3.2\include\SFML\Network\SocketHandle.hpp">
      <Filter>SFML</Filter>
    </ClInclude>
    <ClInclude Include="..\..\..\libs\SFML-2.3.2\include\SFML\Network\SocketSelector.hpp">
      <Filter>SFML</Filter>
    </ClInclude>
    <ClInclude Include="..\..\..\libs\SFML-2.3.2\include\SFML\Network\TcpListener.hpp">
      <Filter>SFML</Filter>
    </ClInclude>
    <ClInclude Include="..\..\..\libs\SFML-2.3.2\include\SFML\Network\TcpSocket.hpp">
      <Filter>SFML</Filter>
    </ClInclude>
    <ClInclude Include="..\..\..\libs\SFML-2.3.2\include\SFML\Network\UdpSocket.hpp">
      <Filter>SFML</Filter>
    </ClInclude>
    <ClInclude Include="..\..\..\libs\SFML-2.3.2\include\SFML\System\Clock.hpp">
      <Filter>SFML</Filter>
    </ClInclude>
    <ClInclude Include="..\..\..\libs\SFML-2.3.2\include\SFML\System\Err.hpp">
      <Filter>SFML</Filter>
    </ClInclude>
    <ClInclude Include="..\..\..\libs\SFML-2.3.2\include\SFML\System\Export.hpp">
      <Filter>SFML</Filter>
    </ClInclude>
    <ClInclude Include="..\..\..\libs\SFML-2.3.2\include\SFML\System\FileInputStream.hpp">
      <Filter>SFML</Filter>
    </ClInclude>
    <ClInclude Include="..\..\..\libs\SFML-2.3.2\include\SFML\System\InputStream.hpp">
      <Filter>SFML</Filter>
    </ClInclude>
    <ClInclude Include="..\..\..\libs\SFML-2.3.2\include\SFML\System\Lock.hpp">
      <Filter>SFML</Filter>
    </ClInclude>
    <ClInclude Include="..\..\..\libs\SFML-2.3.2\include\SFML\System\MemoryInputStream.hpp">
      <Filter>SFML</Filter>
    </ClInclude>
    <ClInclude Include="..\..\..\libs\SFML-2.3.2\include\SFML\System\Mutex.hpp">
      <Filter>SFML</Filter>
    </ClInclude>
    <ClInclude Include="..\..\..\libs\SFML-2.3.2\include\SFML\System\NativeActivity.hpp">
      <Filter>SFML</Filter>
    </ClInclude>
    <ClInclude Include="..\..\..\libs\SFML-2.3.2\include\SFML\System\NonCopyable.hpp">
      <Filter>SFML</Filter>
    </ClInclude>
    <ClInclude Include="..\..\..\libs\SFML-2.3.2\include\SFML\System\Sleep.hpp">
      <Filter>SFML</Filter>
    </ClInclude>
    <ClInclude Include="..\..\..\libs\SFML-2.3.2\include\SFML\System\String.hpp">
      <Filter>SFML</Filter>
    </ClInclude>
    <ClInclude Include="..\..\..\libs\SFML-2.3.2\include\SFML\System\Thread.hpp">
      <Filter>SFML</Filter>
    </ClInclude>
    <ClInclude Include="..\..\..\libs\SFML-2.3.2\include\SFML\System\ThreadLocal.hpp">
      <Filter>SFML</Filter>
    </ClInclude>
    <ClInclude Include="..\..\..\libs\SFML-2.3.2\include\SFML\System\ThreadLocalPtr.hpp">
      <Filter>SFML</Filter>
    </ClInclude>
    <ClInclude Include="..\..\..\libs\SFML-2.3.2\include\SFML\System\Time.hpp">
      <Filter>SFML</Filter>
    </ClInclude>
    <ClInclude Include="..\..\..\libs\SFML-2.3.2\include\SFML\System\Utf.hpp">
      <Filter>SFML</Filter>
    </ClInclude>
    <ClInclude Include="..\..\..\libs\SFML-2.3.2\include\SFML\System\Vector2.hpp">
      <Filter>SFML</Filter>
    </ClInclude>
    <ClInclude Include="..\..\..\libs\SFML-2.3.2\include\SFML\System\Vector3.hpp">
      <Filter>SFML</Filter>
    </ClInclude>
    <ClInclude Include="..\..\..\libs\SFML-2.3.2\include\SFML\Window\Context.hpp">
      <Filter>SFML</Filter>
    </ClInclude>
    <ClInclude Include="..\..\..\libs\SFML-2.3.2\include\SFML\Window\ContextSettings.hpp">
      <Filter>SFML</Filter>
    </ClInclude>
    <ClInclude Include="..\..\..\libs\SFML-2.3.2\include\SFML\Window\Event.hpp">
      <Filter>SFML</Filter>
    </ClInclude>
    <ClInclude Include="..\..\..\libs\SFML-2.3.2\include\SFML\Window\Export.hpp">
      <Filter>SFML</Filter>
    </ClInclude>
    <ClInclude Include="..\..\..\libs\SFML-2.3.2\include\SFML\Window\GlResource.hpp">
      <Filter>SFML</Filter>
    </ClInclude>
    <ClInclude Include="..\..\..\libs\SFML-2.3.2\include\SFML\Window\Joystick.hpp">
      <Filter>SFML</Filter>
    </ClInclude>
    <ClInclude Include="..\..\..\libs\SFML-2.3.2\include\SFML\Window\Keyboard.hpp">
      <Filter>SFML</Filter>
    </ClInclude>
    <ClInclude Include="..\..\..\libs\SFML-2.3.2\include\SFML\Window\Mouse.hpp">
      <Filter>SFML</Filter>
    </ClInclude>
    <ClInclude Include="..\..\..\libs\SFML-2.3.2\include\SFML\Window\Sensor.hpp">
      <Filter>SFML</Filter>
    </ClInclude>
    <ClInclude Include="..\..\..\libs\SFML-2.3.2\include\SFML\Window\Touch.hpp">
      <Filter>SFML</Filter>
    </ClInclude>
    <ClInclude Include="..\..\..\libs\SFML-2.3.2\include\SFML\Window\VideoMode.hpp">
      <Filter>SFML</Filter>
    </ClInclude>
    <ClInclude Include="..\..\..\libs\SFML-2.3.2\include\SFML\Window\Window.hpp">
      <Filter>SFML</Filter>
    </ClInclude>
    <ClInclude Include="..\..\..\libs\SFML-2.3.2\include\SFML\Window\WindowHandle.hpp">
      <Filter>SFML</Filter>
    </ClInclude>
    <ClInclude Include="..\..\..\libs\SFML-2.3.2\include\SFML\Window\WindowStyle.hpp">
      <Filter>SFML</Filter>
    </ClInclude>
  </ItemGroup>
  <ItemGroup>
    <None Include="..\..\..\libs\SFML-2.3.2\include\SFML\Audio\SoundFileFactory.inl">
      <Filter>SFML</Filter>
    </None>
    <None Include="..\..\..\libs\SFML-2.3.2\include\SFML\Graphics\Glsl.inl">
      <Filter>SFML</Filter>
    </None>
    <None Include="..\..\..\libs\SFML-2.3.2\include\SFML\Graphics\Rect.inl">
      <Filter>SFML</Filter>
    </None>
    <None Include="..\..\..\libs\SFML-2.3.2\include\SFML\System\String.inl">
      <Filter>SFML</Filter>
    </None>
    <None Include="..\..\..\libs\SFML-2.3.2\include\SFML\System\Thread.inl">
      <Filter>SFML</Filter>
    </None>
    <None Include="..\..\..\libs\SFML-2.3.2\include\SFML\System\ThreadLocalPtr.inl">
      <Filter>SFML</Filter>
    </None>
    <None Include="..\..\..\libs\SFML-2.3.2\include\SFML\System\Utf.inl">
      <Filter>SFML</Filter>
    </None>
    <None Include="..\..\..\libs\SFML-2.3.2\include\SFML\System\Vector2.inl">
      <Filter>SFML</Filter>
    </None>
    <None Include="..\..\..\libs\SFML-2.3.2\include\SFML\System\Vector3.inl">
      <Filter>SFML</Filter>
    </None>
  </ItemGroup>
</Project>