<?xml version="1.0" encoding="utf-8"?>
<Project ToolsVersion="4.0" xmlns="http://schemas.microsoft.com/developer/msbuild/2003">
  <ItemGroup>
    <Filter Include="asset">
      <UniqueIdentifier>{4c5c8a50-259b-4b2e-9b61-2ced1072ac76}</UniqueIdentifier>
    </Filter>
    <Filter Include="input">
      <UniqueIdentifier>{2fb19712-f251-478b-9b15-8e97e934d6d3}</UniqueIdentifier>
    </Filter>
    <Filter Include="state">
      <UniqueIdentifier>{d6b12ce2-768e-4773-843f-ccd27a7946f4}</UniqueIdentifier>
    </Filter>
    <Filter Include="b2djson">
      <UniqueIdentifier>{168bdd4a-63fe-4d1d-9bb4-7c70cec25a28}</UniqueIdentifier>
    </Filter>
    <Filter Include="b2djson\json">
      <UniqueIdentifier>{37a6e867-57ad-4536-86ee-3058de480422}</UniqueIdentifier>
    </Filter>
    <Filter Include="physics">
      <UniqueIdentifier>{a96c3a57-73ad-470e-a856-039d92abbf21}</UniqueIdentifier>
    </Filter>
    <Filter Include="physics\callbacks">
      <UniqueIdentifier>{ee862a1c-170e-4740-818d-489ca5588f7d}</UniqueIdentifier>
    </Filter>
    <Filter Include="render">
      <UniqueIdentifier>{25e6a6c8-6b8a-44d3-b3ec-5785b85122ba}</UniqueIdentifier>
    </Filter>
  </ItemGroup>
  <ItemGroup>
    <ClCompile Include="..\..\..\source\engine\engine.cpp" />
    <ClCompile Include="..\..\..\source\engine\asset\loader.cpp">
      <Filter>asset</Filter>
    </ClCompile>
    <ClCompile Include="..\..\..\source\engine\plugin.cpp" />
    <ClCompile Include="..\..\..\source\engine\state\state_plugin.cpp">
      <Filter>state</Filter>
    </ClCompile>
    <ClCompile Include="..\..\..\source\engine\input\input_plugin.cpp">
      <Filter>input</Filter>
    </ClCompile>
    <ClCompile Include="..\..\..\source\engine\input\input_event.cpp">
      <Filter>input</Filter>
    </ClCompile>
    <ClCompile Include="..\..\..\source\engine\b2djson\b2dJsonImage_OpenGL.cpp">
      <Filter>b2djson</Filter>
    </ClCompile>
    <ClCompile Include="..\..\..\source\engine\b2djson\jsoncpp.cpp">
      <Filter>b2djson</Filter>
    </ClCompile>
    <ClCompile Include="..\..\..\source\engine\b2djson\b2dJson.cpp">
      <Filter>b2djson</Filter>
    </ClCompile>
    <ClCompile Include="..\..\..\source\engine\b2djson\b2dJsonImage.cpp">
      <Filter>b2djson</Filter>
    </ClCompile>
    <ClCompile Include="..\..\..\source\engine\physics\physics_plugin.cpp">
      <Filter>physics</Filter>
    </ClCompile>
    <ClCompile Include="..\..\..\source\engine\physics\debug_draw.cpp">
      <Filter>physics</Filter>
    </ClCompile>
    <ClCompile Include="..\..\..\source\engine\render\render_plugin.cpp">
      <Filter>render</Filter>
    </ClCompile>
  </ItemGroup>
  <ItemGroup>
    <ClInclude Include="..\..\..\source\engine\engine.h" />
    <ClInclude Include="..\..\..\source\engine\asset\loader.h">
      <Filter>asset</Filter>
    </ClInclude>
    <ClInclude Include="..\..\..\source\engine\asset\resource_path.h">
      <Filter>asset</Filter>
    </ClInclude>
    <ClInclude Include="..\..\..\source\engine\state\base_state.h">
      <Filter>state</Filter>
    </ClInclude>
    <ClInclude Include="..\..\..\source\engine\plugin.h" />
    <ClInclude Include="..\..\..\source\engine\state\state_plugin.h">
      <Filter>state</Filter>
    </ClInclude>
    <ClInclude Include="..\..\..\source\engine\input\input_plugin.h">
      <Filter>input</Filter>
    </ClInclude>
    <ClInclude Include="..\..\..\source\engine\input\input_event.h">
      <Filter>input</Filter>
    </ClInclude>
    <ClInclude Include="..\..\..\source\engine\b2djson\b2dJsonImage_OpenGL.h">
      <Filter>b2djson</Filter>
    </ClInclude>
    <ClInclude Include="..\..\..\source\engine\b2djson\bitmap.h">
      <Filter>b2djson</Filter>
    </ClInclude>
    <ClInclude Include="..\..\..\source\engine\b2djson\b2dJson.h">
      <Filter>b2djson</Filter>
    </ClInclude>
    <ClInclude Include="..\..\..\source\engine\b2djson\b2dJsonImage.h">
      <Filter>b2djson</Filter>
    </ClInclude>
    <ClInclude Include="..\..\..\source\engine\b2djson\json\json.h">
      <Filter>b2djson\json</Filter>
    </ClInclude>
    <ClInclude Include="..\..\..\source\engine\b2djson\json\json-forwards.h">
      <Filter>b2djson\json</Filter>
    </ClInclude>
    <ClInclude Include="..\..\..\source\engine\physics\physics_plugin.h">
      <Filter>physics</Filter>
    </ClInclude>
    <ClInclude Include="..\..\..\source\engine\physics\debug_draw.h">
      <Filter>physics</Filter>
    </ClInclude>
    <ClInclude Include="..\..\..\source\engine\physics\callbacks\aabb_callback.h">
      <Filter>physics\callbacks</Filter>
    </ClInclude>
    <ClInclude Include="..\..\..\source\engine\physics\callbacks\raycast_callback.h">
      <Filter>physics\callbacks</Filter>
    </ClInclude>
    <ClInclude Include="..\..\..\source\engine\render\render_plugin.h">
      <Filter>render</Filter>
    </ClInclude>
  </ItemGroup>
</Project>